
Microsoft Visual Studio Solution File, Format Version 12.00
# Visual Studio Version 17
VisualStudioVersion = 17.1.32414.318
MinimumVisualStudioVersion = 10.0.40219.1
Project("{2150E333-8FDC-42A3-9474-1A3956D46DE8}") = "1. Financije", "1. Financije", "{125CC335-B511-422A-8463-666E0B04F66D}"
EndProject
Project("{FAE04EC0-301F-11D3-BF4B-00C04F79EFBC}") = "Financije", "1. Dohvati račun\Financije\Financije.csproj", "{1E70168F-591A-40D1-AC7D-EB5AED8C4046}"
EndProject
Project("{2150E333-8FDC-42A3-9474-1A3956D46DE8}") = "2. Banka", "2. Banka", "{00984B69-70EB-4106-9FB6-041BC86B5028}"
EndProject
Project("{FAE04EC0-301F-11D3-BF4B-00C04F79EFBC}") = "Banka", "2. Banka\Banka\Banka.csproj", "{6B85352F-06AB-4189-91A5-93B9E5D8F1B3}"
EndProject
Project("{FAE04EC0-301F-11D3-BF4B-00C04F79EFBC}") = "Testovi1", "1. Dohvati račun\Testovi1\Testovi1.csproj", "{B23D4FD2-7B70-4BC3-B09C-0A09261702AF}"
EndProject
Project("{FAE04EC0-301F-11D3-BF4B-00C04F79EFBC}") = "Testovi2", "2. Banka\Testovi2\Testovi2.csproj", "{32143E51-7787-4F7A-93C5-FDC39B209734}"
EndProject
Project("{2150E333-8FDC-42A3-9474-1A3956D46DE8}") = "3. Prijava", "3. Prijava", "{3D5347D3-1502-4B16-920A-CD4EEAC79628}"
EndProject
Project("{FAE04EC0-301F-11D3-BF4B-00C04F79EFBC}") = "Prijava", "3. Prijava\Prijava\Prijava.csproj", "{33C9934B-FE5A-4862-ACE1-FC9F5A054EFC}"
EndProject
Project("{2150E333-8FDC-42A3-9474-1A3956D46DE8}") = "4. Ispitni rokovi", "4. Ispitni rokovi", "{B3227BA1-D35F-4F1C-BC78-E714E634A7D7}"
EndProject
Project("{FAE04EC0-301F-11D3-BF4B-00C04F79EFBC}") = "Testovi3", "3. Prijava\Testovi3\Testovi3.csproj", "{6A895738-365F-4A53-B0DD-8CB21E6ECC2C}"
EndProject
Project("{FAE04EC0-301F-11D3-BF4B-00C04F79EFBC}") = "Testovi4", "4. Ispitni rokovi\Testovi4\Testovi4.csproj", "{DE361420-1803-4BB2-9E6D-0A5AEF1A1FBD}"
EndProject
Project("{FAE04EC0-301F-11D3-BF4B-00C04F79EFBC}") = "IspitniRokovi", "4. Ispitni rokovi\IspitniRokovi\IspitniRokovi.csproj", "{D4E1C67D-4CFF-44AE-8006-AC4924EC2A2D}"
EndProject
Project("{2150E333-8FDC-42A3-9474-1A3956D46DE8}") = "5. Prijava2", "5. Prijava2", "{BEC13AD1-4330-4A3D-A93C-B58C32F4D6FD}"
EndProject
Project("{FAE04EC0-301F-11D3-BF4B-00C04F79EFBC}") = "Prijava", "5. Prijava2\Prijava.csproj", "{4AF6982F-9AAD-40F1-A23B-4ED4A4DF6FDC}"
EndProject
Project("{FAE04EC0-301F-11D3-BF4B-00C04F79EFBC}") = "Testovi5", "5. Prijava2\Testovi5\Testovi5.csproj", "{4045219A-0904-4A45-897A-F2CADE557ADA}"
EndProject
Project("{2150E333-8FDC-42A3-9474-1A3956D46DE8}") = "6. Prijava3", "6. Prijava3", "{D032E84E-340E-4FEA-9ECF-B80CA8020090}"
EndProject
Project("{FAE04EC0-301F-11D3-BF4B-00C04F79EFBC}") = "Prijava", "6. Prijava3\Prijava\Prijava\Prijava.csproj", "{E3EBE710-2F46-4DF3-9312-37E85B2F3C09}"
EndProject
Project("{2150E333-8FDC-42A3-9474-1A3956D46DE8}") = "7. Prijava4", "7. Prijava4", "{B42C824B-5EAE-4258-8FDA-E8D5C984902B}"
EndProject
Project("{FAE04EC0-301F-11D3-BF4B-00C04F79EFBC}") = "PrijavaG9", "7. Prijava4\Prijava\PrijavaG9.csproj", "{B84EA215-5377-46B9-A5DF-F3CEE6A29B8A}"
EndProject
Project("{FAE04EC0-301F-11D3-BF4B-00C04F79EFBC}") = "Testovi6", "6. Prijava3\Testovi6\Testovi6.csproj", "{27921A22-26D6-49F7-93E2-973C4F3DDD46}"
EndProject
Project("{FAE04EC0-301F-11D3-BF4B-00C04F79EFBC}") = "Testovi7", "7. Prijava4\Testovi7\Testovi7.csproj", "{14649EBD-DD33-4469-A66C-BF69097AD214}"
EndProject
Global
	GlobalSection(SolutionConfigurationPlatforms) = preSolution
		Debug|Any CPU = Debug|Any CPU
		Release|Any CPU = Release|Any CPU
	EndGlobalSection
	GlobalSection(ProjectConfigurationPlatforms) = postSolution
		{1E70168F-591A-40D1-AC7D-EB5AED8C4046}.Debug|Any CPU.ActiveCfg = Debug|Any CPU
		{1E70168F-591A-40D1-AC7D-EB5AED8C4046}.Debug|Any CPU.Build.0 = Debug|Any CPU
		{1E70168F-591A-40D1-AC7D-EB5AED8C4046}.Release|Any CPU.ActiveCfg = Release|Any CPU
		{1E70168F-591A-40D1-AC7D-EB5AED8C4046}.Release|Any CPU.Build.0 = Release|Any CPU
		{6B85352F-06AB-4189-91A5-93B9E5D8F1B3}.Debug|Any CPU.ActiveCfg = Debug|Any CPU
		{6B85352F-06AB-4189-91A5-93B9E5D8F1B3}.Debug|Any CPU.Build.0 = Debug|Any CPU
		{6B85352F-06AB-4189-91A5-93B9E5D8F1B3}.Release|Any CPU.ActiveCfg = Release|Any CPU
		{6B85352F-06AB-4189-91A5-93B9E5D8F1B3}.Release|Any CPU.Build.0 = Release|Any CPU
		{B23D4FD2-7B70-4BC3-B09C-0A09261702AF}.Debug|Any CPU.ActiveCfg = Debug|Any CPU
		{B23D4FD2-7B70-4BC3-B09C-0A09261702AF}.Debug|Any CPU.Build.0 = Debug|Any CPU
		{B23D4FD2-7B70-4BC3-B09C-0A09261702AF}.Release|Any CPU.ActiveCfg = Release|Any CPU
		{B23D4FD2-7B70-4BC3-B09C-0A09261702AF}.Release|Any CPU.Build.0 = Release|Any CPU
		{32143E51-7787-4F7A-93C5-FDC39B209734}.Debug|Any CPU.ActiveCfg = Debug|Any CPU
		{32143E51-7787-4F7A-93C5-FDC39B209734}.Debug|Any CPU.Build.0 = Debug|Any CPU
		{32143E51-7787-4F7A-93C5-FDC39B209734}.Release|Any CPU.ActiveCfg = Release|Any CPU
		{32143E51-7787-4F7A-93C5-FDC39B209734}.Release|Any CPU.Build.0 = Release|Any CPU
		{33C9934B-FE5A-4862-ACE1-FC9F5A054EFC}.Debug|Any CPU.ActiveCfg = Debug|Any CPU
		{33C9934B-FE5A-4862-ACE1-FC9F5A054EFC}.Debug|Any CPU.Build.0 = Debug|Any CPU
		{33C9934B-FE5A-4862-ACE1-FC9F5A054EFC}.Release|Any CPU.ActiveCfg = Release|Any CPU
		{33C9934B-FE5A-4862-ACE1-FC9F5A054EFC}.Release|Any CPU.Build.0 = Release|Any CPU
		{6A895738-365F-4A53-B0DD-8CB21E6ECC2C}.Debug|Any CPU.ActiveCfg = Debug|Any CPU
		{6A895738-365F-4A53-B0DD-8CB21E6ECC2C}.Debug|Any CPU.Build.0 = Debug|Any CPU
		{6A895738-365F-4A53-B0DD-8CB21E6ECC2C}.Release|Any CPU.ActiveCfg = Release|Any CPU
		{6A895738-365F-4A53-B0DD-8CB21E6ECC2C}.Release|Any CPU.Build.0 = Release|Any CPU
		{DE361420-1803-4BB2-9E6D-0A5AEF1A1FBD}.Debug|Any CPU.ActiveCfg = Debug|Any CPU
		{DE361420-1803-4BB2-9E6D-0A5AEF1A1FBD}.Debug|Any CPU.Build.0 = Debug|Any CPU
		{DE361420-1803-4BB2-9E6D-0A5AEF1A1FBD}.Release|Any CPU.ActiveCfg = Release|Any CPU
		{DE361420-1803-4BB2-9E6D-0A5AEF1A1FBD}.Release|Any CPU.Build.0 = Release|Any CPU
		{D4E1C67D-4CFF-44AE-8006-AC4924EC2A2D}.Debug|Any CPU.ActiveCfg = Debug|Any CPU
		{D4E1C67D-4CFF-44AE-8006-AC4924EC2A2D}.Debug|Any CPU.Build.0 = Debug|Any CPU
		{D4E1C67D-4CFF-44AE-8006-AC4924EC2A2D}.Release|Any CPU.ActiveCfg = Release|Any CPU
		{D4E1C67D-4CFF-44AE-8006-AC4924EC2A2D}.Release|Any CPU.Build.0 = Release|Any CPU
		{4AF6982F-9AAD-40F1-A23B-4ED4A4DF6FDC}.Debug|Any CPU.ActiveCfg = Debug|Any CPU
		{4AF6982F-9AAD-40F1-A23B-4ED4A4DF6FDC}.Debug|Any CPU.Build.0 = Debug|Any CPU
		{4AF6982F-9AAD-40F1-A23B-4ED4A4DF6FDC}.Release|Any CPU.ActiveCfg = Release|Any CPU
		{4AF6982F-9AAD-40F1-A23B-4ED4A4DF6FDC}.Release|Any CPU.Build.0 = Release|Any CPU
		{4045219A-0904-4A45-897A-F2CADE557ADA}.Debug|Any CPU.ActiveCfg = Debug|Any CPU
		{4045219A-0904-4A45-897A-F2CADE557ADA}.Debug|Any CPU.Build.0 = Debug|Any CPU
		{4045219A-0904-4A45-897A-F2CADE557ADA}.Release|Any CPU.ActiveCfg = Release|Any CPU
		{4045219A-0904-4A45-897A-F2CADE557ADA}.Release|Any CPU.Build.0 = Release|Any CPU
		{E3EBE710-2F46-4DF3-9312-37E85B2F3C09}.Debug|Any CPU.ActiveCfg = Debug|Any CPU
		{E3EBE710-2F46-4DF3-9312-37E85B2F3C09}.Debug|Any CPU.Build.0 = Debug|Any CPU
		{E3EBE710-2F46-4DF3-9312-37E85B2F3C09}.Release|Any CPU.ActiveCfg = Release|Any CPU
		{E3EBE710-2F46-4DF3-9312-37E85B2F3C09}.Release|Any CPU.Build.0 = Release|Any CPU
		{B84EA215-5377-46B9-A5DF-F3CEE6A29B8A}.Debug|Any CPU.ActiveCfg = Debug|Any CPU
		{B84EA215-5377-46B9-A5DF-F3CEE6A29B8A}.Debug|Any CPU.Build.0 = Debug|Any CPU
		{B84EA215-5377-46B9-A5DF-F3CEE6A29B8A}.Release|Any CPU.ActiveCfg = Release|Any CPU
		{B84EA215-5377-46B9-A5DF-F3CEE6A29B8A}.Release|Any CPU.Build.0 = Release|Any CPU
		{27921A22-26D6-49F7-93E2-973C4F3DDD46}.Debug|Any CPU.ActiveCfg = Debug|Any CPU
		{27921A22-26D6-49F7-93E2-973C4F3DDD46}.Debug|Any CPU.Build.0 = Debug|Any CPU
		{27921A22-26D6-49F7-93E2-973C4F3DDD46}.Release|Any CPU.ActiveCfg = Release|Any CPU
		{27921A22-26D6-49F7-93E2-973C4F3DDD46}.Release|Any CPU.Build.0 = Release|Any CPU
		{14649EBD-DD33-4469-A66C-BF69097AD214}.Debug|Any CPU.ActiveCfg = Debug|Any CPU
		{14649EBD-DD33-4469-A66C-BF69097AD214}.Debug|Any CPU.Build.0 = Debug|Any CPU
		{14649EBD-DD33-4469-A66C-BF69097AD214}.Release|Any CPU.ActiveCfg = Release|Any CPU
		{14649EBD-DD33-4469-A66C-BF69097AD214}.Release|Any CPU.Build.0 = Release|Any CPU
	EndGlobalSection
	GlobalSection(SolutionProperties) = preSolution
		HideSolutionNode = FALSE
	EndGlobalSection
	GlobalSection(NestedProjects) = preSolution
		{1E70168F-591A-40D1-AC7D-EB5AED8C4046} = {125CC335-B511-422A-8463-666E0B04F66D}
		{6B85352F-06AB-4189-91A5-93B9E5D8F1B3} = {00984B69-70EB-4106-9FB6-041BC86B5028}
		{B23D4FD2-7B70-4BC3-B09C-0A09261702AF} = {125CC335-B511-422A-8463-666E0B04F66D}
		{32143E51-7787-4F7A-93C5-FDC39B209734} = {00984B69-70EB-4106-9FB6-041BC86B5028}
		{33C9934B-FE5A-4862-ACE1-FC9F5A054EFC} = {3D5347D3-1502-4B16-920A-CD4EEAC79628}
		{6A895738-365F-4A53-B0DD-8CB21E6ECC2C} = {3D5347D3-1502-4B16-920A-CD4EEAC79628}
		{DE361420-1803-4BB2-9E6D-0A5AEF1A1FBD} = {B3227BA1-D35F-4F1C-BC78-E714E634A7D7}
		{D4E1C67D-4CFF-44AE-8006-AC4924EC2A2D} = {B3227BA1-D35F-4F1C-BC78-E714E634A7D7}
		{4AF6982F-9AAD-40F1-A23B-4ED4A4DF6FDC} = {BEC13AD1-4330-4A3D-A93C-B58C32F4D6FD}
		{4045219A-0904-4A45-897A-F2CADE557ADA} = {BEC13AD1-4330-4A3D-A93C-B58C32F4D6FD}
		{E3EBE710-2F46-4DF3-9312-37E85B2F3C09} = {D032E84E-340E-4FEA-9ECF-B80CA8020090}
		{B84EA215-5377-46B9-A5DF-F3CEE6A29B8A} = {B42C824B-5EAE-4258-8FDA-E8D5C984902B}
		{27921A22-26D6-49F7-93E2-973C4F3DDD46} = {D032E84E-340E-4FEA-9ECF-B80CA8020090}
		{14649EBD-DD33-4469-A66C-BF69097AD214} = {B42C824B-5EAE-4258-8FDA-E8D5C984902B}
	EndGlobalSection
	GlobalSection(ExtensibilityGlobals) = postSolution
		SolutionGuid = {03CFF1E1-A27D-4D6A-8A4F-58E4DF80CAF2}
	EndGlobalSection
EndGlobal
